# Generated by pub
# See https://dart.dev/tools/pub/glossary#lockfile
packages:
  characters:
    dependency: transitive
    description:
      name: characters
      sha256: "04a925763edad70e8443c99234dc3328f442e811f1d8fd1a72f1c8ad0f69a605"
      url: "https://pub.dev"
    source: hosted
    version: "1.3.0"
  collection:
    dependency: transitive
    description:
      name: collection
      sha256: "4a07be6cb69c84d677a6c3096fcf960cc3285a8330b4603e0d463d15d9bd934c"
      url: "https://pub.dev"
    source: hosted
    version: "1.17.1"
  crypto:
    dependency: transitive
    description:
      name: crypto
      sha256: ff625774173754681d66daaf4a448684fb04b78f902da9cb3d308c19cc5e8bab
      url: "https://pub.dev"
    source: hosted
    version: "3.0.3"
  flutter:
    dependency: "direct main"
    description: flutter
    source: sdk
    version: "0.0.0"
  flutter_lints:
    dependency: "direct dev"
    description:
      name: flutter_lints
      sha256: aeb0b80a8b3709709c9cc496cdc027c5b3216796bc0af0ce1007eaf24464fd4c
      url: "https://pub.dev"
    source: hosted
    version: "2.0.1"
  flutter_web_plugins:
    dependency: transitive
    description: flutter
    source: sdk
    version: "0.0.0"
  js:
    dependency: transitive
    description:
      name: js
      sha256: f2c445dce49627136094980615a031419f7f3eb393237e4ecd97ac15dea343f3
      url: "https://pub.dev"
    source: hosted
    version: "0.6.7"
  lints:
    dependency: transitive
    description:
      name: lints
      sha256: "6b0206b0bf4f04961fc5438198ccb3a885685cd67d4d4a32cc20ad7f8adbe015"
      url: "https://pub.dev"
    source: hosted
    version: "2.1.0"
  material_color_utilities:
    dependency: transitive
    description:
      name: material_color_utilities
      sha256: d92141dc6fe1dad30722f9aa826c7fbc896d021d792f80678280601aff8cf724
      url: "https://pub.dev"
    source: hosted
    version: "0.2.0"
  meta:
    dependency: transitive
    description:
      name: meta
      sha256: "3c74dbf8763d36539f114c799d8a2d87343b5067e9d796ca22b5eb8437090ee3"
      url: "https://pub.dev"
    source: hosted
    version: "1.9.1"
  path:
    dependency: transitive
    description:
      name: path
      sha256: "8829d8a55c13fc0e37127c29fedf290c102f4e40ae94ada574091fe0ff96c917"
      url: "https://pub.dev"
    source: hosted
    version: "1.8.3"
  plugin_platform_interface:
    dependency: transitive
    description:
      name: plugin_platform_interface
      sha256: "6a2128648c854906c53fa8e33986fc0247a1116122f9534dd20e3ab9e16a32bc"
      url: "https://pub.dev"
    source: hosted
    version: "2.1.4"
  record_android:
    dependency: "direct main"
    description:
      name: record_android
      sha256: "27763736df31c4cd3702deef1140bda6b6220d62c5fdfada8b6d4acce2da3017"
      url: "https://pub.dev"
    source: hosted
    version: "1.0.0-beta.1"
  record_darwin:
    dependency: "direct main"
    description:
      name: record_darwin
      sha256: e6fe081f532ef4d80767488110f9fa7800008c66945ab8c9407ff6e9308c0bf6
      url: "https://pub.dev"
    source: hosted
    version: "1.0.0-beta.1"
  record_linux:
    dependency: "direct main"
    description:
      name: record_linux
      sha256: "3dd8ae62a2cdb2d2100a0f37447f11f540c67adc59b629704c603e0d9288adc5"
      url: "https://pub.dev"
    source: hosted
    version: "0.5.0"
  record_platform_interface:
    dependency: "direct main"
    description:
      name: record_platform_interface
      sha256: "33b0cd8a7d3770dae2596da0571f6767452795dd08202927d13b442c0470bff7"
      url: "https://pub.dev"
    source: hosted
    version: "1.0.0"
  record_web:
    dependency: "direct main"
    description:
      name: record_web
      sha256: ae0e6af10484d78c1f1bc08bbf32477c1da915eeeaa522a7180a843f332a29a7
      url: "https://pub.dev"
    source: hosted
    version: "1.0.0-beta.1"
  record_windows:
    dependency: "direct main"
    description:
      name: record_windows
      sha256: f8e175a2c84ed7096e3fa5fe36b7c7a25f6d54c389406c61311d98b668bfa566
      url: "https://pub.dev"
    source: hosted
    version: "1.0.0-beta.1"
  sky_engine:
    dependency: transitive
    description: flutter
    source: sdk
    version: "0.0.99"
  typed_data:
    dependency: transitive
    description:
      name: typed_data
      sha256: facc8d6582f16042dd49f2463ff1bd6e2c9ef9f3d5da3d9b087e244a7b564b3c
      url: "https://pub.dev"
    source: hosted
    version: "1.3.2"
  uuid:
    dependency: "direct main"
    description:
      name: uuid
      sha256: "648e103079f7c64a36dc7d39369cabb358d377078a051d6ae2ad3aa539519313"
      url: "https://pub.dev"
    source: hosted
    version: "3.0.7"
  vector_math:
    dependency: transitive
    description:
      name: vector_math
      sha256: "80b3257d1492ce4d091729e3a67a60407d227c27241d6927be0130c98e741803"
      url: "https://pub.dev"
    source: hosted
    version: "2.1.4"
sdks:
  dart: ">=3.0.0-417 <4.0.0"
  flutter: ">=2.8.1"
