# Generated by pub
# See https://dart.dev/tools/pub/glossary#lockfile
packages:
  characters:
    dependency: transitive
    description:
      name: characters
      sha256: "04a925763edad70e8443c99234dc3328f442e811f1d8fd1a72f1c8ad0f69a605"
      url: "https://pub.dev"
    source: hosted
    version: "1.3.0"
  collection:
    dependency: transitive
    description:
      name: collection
      sha256: "4a07be6cb69c84d677a6c3096fcf960cc3285a8330b4603e0d463d15d9bd934c"
      url: "https://pub.dev"
    source: hosted
    version: "1.17.1"
  crypto:
    dependency: transitive
    description:
      name: crypto
      sha256: ff625774173754681d66daaf4a448684fb04b78f902da9cb3d308c19cc5e8bab
      url: "https://pub.dev"
    source: hosted
    version: "3.0.3"
  flutter:
    dependency: "direct main"
    description: flutter
    source: sdk
    version: "0.0.0"
  flutter_lints:
    dependency: "direct dev"
    description:
      name: flutter_lints
      sha256: aeb0b80a8b3709709c9cc496cdc027c5b3216796bc0af0ce1007eaf24464fd4c
      url: "https://pub.dev"
    source: hosted
    version: "2.0.1"
  flutter_web_plugins:
    dependency: transitive
    description: flutter
    source: sdk
    version: "0.0.0"
  js:
    dependency: transitive
    description:
      name: js
      sha256: f2c445dce49627136094980615a031419f7f3eb393237e4ecd97ac15dea343f3
      url: "https://pub.dev"
    source: hosted
    version: "0.6.7"
  lints:
    dependency: transitive
    description:
      name: lints
      sha256: "0a217c6c989d21039f1498c3ed9f3ed71b354e69873f13a8dfc3c9fe76f1b452"
      url: "https://pub.dev"
    source: hosted
    version: "2.1.1"
  material_color_utilities:
    dependency: transitive
    description:
      name: material_color_utilities
      sha256: d92141dc6fe1dad30722f9aa826c7fbc896d021d792f80678280601aff8cf724
      url: "https://pub.dev"
    source: hosted
    version: "0.2.0"
  meta:
    dependency: transitive
    description:
      name: meta
      sha256: "3c74dbf8763d36539f114c799d8a2d87343b5067e9d796ca22b5eb8437090ee3"
      url: "https://pub.dev"
    source: hosted
    version: "1.9.1"
  path:
    dependency: transitive
    description:
      name: path
      sha256: "8829d8a55c13fc0e37127c29fedf290c102f4e40ae94ada574091fe0ff96c917"
      url: "https://pub.dev"
    source: hosted
    version: "1.8.3"
  plugin_platform_interface:
    dependency: transitive
    description:
      name: plugin_platform_interface
      sha256: "6a2128648c854906c53fa8e33986fc0247a1116122f9534dd20e3ab9e16a32bc"
      url: "https://pub.dev"
    source: hosted
    version: "2.1.4"
  record_android:
    dependency: "direct main"
    description:
      name: record_android
      sha256: "82bdcfadc8a79495c9be31a89b9ddbe027100f03585018bebeb40c6ef60c3b3e"
      url: "https://pub.dev"
    source: hosted
    version: "1.0.0-beta.2"
  record_darwin:
    dependency: "direct main"
    description:
      name: record_darwin
      sha256: f5ba70c349dc9804fd321ebe818fa15d1b54373e2e545a09b36672e8b449668a
      url: "https://pub.dev"
    source: hosted
    version: "1.0.0-beta.2"
  record_linux:
    dependency: "direct main"
    description:
      name: record_linux
      sha256: ace08e89532653eab05eec610dd47ee2692b5bf1221b3fed64f3dd6d8e13221e
      url: "https://pub.dev"
    source: hosted
    version: "0.6.0"
  record_platform_interface:
    dependency: "direct main"
    description:
      name: record_platform_interface
      sha256: c5034d04fb2066dedac6d6b4352a8943dda0190bb50432311c53ae9b6a1901b7
      url: "https://pub.dev"
    source: hosted
    version: "1.0.1"
  record_web:
    dependency: "direct main"
    description:
      name: record_web
      sha256: dc41afa33a2dc10790cf0ba117d9314749c65d482157029f3c8d3d86c5690e6b
      url: "https://pub.dev"
    source: hosted
    version: "1.0.0-beta.2"
  record_windows:
    dependency: "direct main"
    description:
      name: record_windows
      sha256: a842b5a87320f5bfffe4d68c227b3b79840f76ccc281aedf13b5c80d64ac838f
      url: "https://pub.dev"
    source: hosted
    version: "1.0.0-beta.2"
  sky_engine:
    dependency: transitive
    description: flutter
    source: sdk
    version: "0.0.99"
  typed_data:
    dependency: transitive
    description:
      name: typed_data
      sha256: facc8d6582f16042dd49f2463ff1bd6e2c9ef9f3d5da3d9b087e244a7b564b3c
      url: "https://pub.dev"
    source: hosted
    version: "1.3.2"
  uuid:
    dependency: "direct main"
    description:
      name: uuid
      sha256: "648e103079f7c64a36dc7d39369cabb358d377078a051d6ae2ad3aa539519313"
      url: "https://pub.dev"
    source: hosted
    version: "3.0.7"
  vector_math:
    dependency: transitive
    description:
      name: vector_math
      sha256: "80b3257d1492ce4d091729e3a67a60407d227c27241d6927be0130c98e741803"
      url: "https://pub.dev"
    source: hosted
    version: "2.1.4"
sdks:
  dart: ">=3.0.0 <4.0.0"
  flutter: ">=2.8.1"
